# THIS IS AN AUTOGENERATED FILE. DO NOT EDIT THIS FILE DIRECTLY.
# yarn lockfile v1


nodemailer@^6.4.11:
  version "6.4.15"
  resolved "https://registry.yarnpkg.com/nodemailer/-/nodemailer-6.4.15.tgz#da5dbb78b8376e34c232c6aa3d2d65cfe17440e9"
  integrity sha512-2/z13dBTWdgTRlxVMAK6C13dCI22GEShET4+jFLlQsxpblxYhojnucfcTZO1QBu5CsHvABsBj2JCGO3vl0HSQA==

"uni-id@file:../common/uni-id":
  version "1.1.13"
